
Microsoft Visual Studio Solution File, Format Version 12.00
# Visual Studio Version 17
VisualStudioVersion = 17.13.35931.197 d17.13
MinimumVisualStudioVersion = 10.0.40219.1
Project("{FAE04EC0-301F-11D3-BF4B-00C04F79EFBC}") = "Posta_Barnabas_Projekt", "Posta_Barnabas_Projekt\Posta_Barnabas_Projekt.csproj", "{7407794F-5313-424B-97A6-A126B02F9C21}"
EndProject
Global
	GlobalSection(SolutionConfigurationPlatforms) = preSolution
		Debug|Any CPU = Debug|Any CPU
		Release|Any CPU = Release|Any CPU
	EndGlobalSection
	GlobalSection(ProjectConfigurationPlatforms) = postSolution
		{7407794F-5313-424B-97A6-A126B02F9C21}.Debug|Any CPU.ActiveCfg = Debug|Any CPU
		{7407794F-5313-424B-97A6-A126B02F9C21}.Debug|Any CPU.Build.0 = Debug|Any CPU
		{7407794F-5313-424B-97A6-A126B02F9C21}.Release|Any CPU.ActiveCfg = Release|Any CPU
		{7407794F-5313-424B-97A6-A126B02F9C21}.Release|Any CPU.Build.0 = Release|Any CPU
	EndGlobalSection
	GlobalSection(SolutionProperties) = preSolution
		HideSolutionNode = FALSE
	EndGlobalSection
	GlobalSection(ExtensibilityGlobals) = postSolution
		SolutionGuid = {BE98A86D-326C-419F-8ADF-97CF84C5488A}
	EndGlobalSection
EndGlobal
